
Microsoft Visual Studio Solution File, Format Version 12.00
# Visual Studio Version 16
VisualStudioVersion = 16.0.31025.194
MinimumVisualStudioVersion = 10.0.40219.1
Project("{9A19103F-16F7-4668-BE54-9A1E7A4F7556}") = "ThinkSharp.Licensing", "ThinkSharp.Licensing\ThinkSharp.Licensing.csproj", "{BBB2A7F2-C15C-4F60-8A0A-F08A861D0D42}"
EndProject
Project("{9A19103F-16F7-4668-BE54-9A1E7A4F7556}") = "ThinkSharp.Licensing.Test", "ThinkSharp.Licensing.Test\ThinkSharp.Licensing.Test.csproj", "{B7E324BC-0052-4119-B426-FC543B63573B}"
EndProject
Global
	GlobalSection(SolutionConfigurationPlatforms) = preSolution
		Debug|Any CPU = Debug|Any CPU
		Release|Any CPU = Release|Any CPU
	EndGlobalSection
	GlobalSection(ProjectConfigurationPlatforms) = postSolution
		{BBB2A7F2-C15C-4F60-8A0A-F08A861D0D42}.Debug|Any CPU.ActiveCfg = Debug|Any CPU
		{BBB2A7F2-C15C-4F60-8A0A-F08A861D0D42}.Debug|Any CPU.Build.0 = Debug|Any CPU
		{BBB2A7F2-C15C-4F60-8A0A-F08A861D0D42}.Release|Any CPU.ActiveCfg = Release|Any CPU
		{BBB2A7F2-C15C-4F60-8A0A-F08A861D0D42}.Release|Any CPU.Build.0 = Release|Any CPU
		{B7E324BC-0052-4119-B426-FC543B63573B}.Debug|Any CPU.ActiveCfg = Debug|Any CPU
		{B7E324BC-0052-4119-B426-FC543B63573B}.Debug|Any CPU.Build.0 = Debug|Any CPU
		{B7E324BC-0052-4119-B426-FC543B63573B}.Release|Any CPU.ActiveCfg = Release|Any CPU
		{B7E324BC-0052-4119-B426-FC543B63573B}.Release|Any CPU.Build.0 = Release|Any CPU
	EndGlobalSection
	GlobalSection(SolutionProperties) = preSolution
		HideSolutionNode = FALSE
	EndGlobalSection
	GlobalSection(ExtensibilityGlobals) = postSolution
		SolutionGuid = {DA001814-E6C4-4789-81EC-7FB4D4857263}
	EndGlobalSection
EndGlobal
